
Microsoft Visual Studio Solution File, Format Version 12.00
# Visual Studio Version 16
VisualStudioVersion = 16.0.29728.190
MinimumVisualStudioVersion = 10.0.40219.1
Project("{FAE04EC0-301F-11D3-BF4B-00C04F79EFBC}") = "AccountManagement", "AccountManagement\AccountManagement.csproj", "{20401584-F29F-4EC3-83CD-8ED071D285D9}"
EndProject
Global
	GlobalSection(SolutionConfigurationPlatforms) = preSolution
		Debug|Any CPU = Debug|Any CPU
		Release|Any CPU = Release|Any CPU
	EndGlobalSection
	GlobalSection(ProjectConfigurationPlatforms) = postSolution
		{20401584-F29F-4EC3-83CD-8ED071D285D9}.Debug|Any CPU.ActiveCfg = Debug|Any CPU
		{20401584-F29F-4EC3-83CD-8ED071D285D9}.Debug|Any CPU.Build.0 = Debug|Any CPU
		{20401584-F29F-4EC3-83CD-8ED071D285D9}.Release|Any CPU.ActiveCfg = Release|Any CPU
		{20401584-F29F-4EC3-83CD-8ED071D285D9}.Release|Any CPU.Build.0 = Release|Any CPU
	EndGlobalSection
	GlobalSection(SolutionProperties) = preSolution
		HideSolutionNode = FALSE
	EndGlobalSection
	GlobalSection(ExtensibilityGlobals) = postSolution
		SolutionGuid = {BC220E48-0D2D-45FE-AFC1-EE6A427A12E9}
	EndGlobalSection
EndGlobal
